
Microsoft Visual Studio Solution File, Format Version 12.00
# Visual Studio Version 17
VisualStudioVersion = 17.3.32922.545
MinimumVisualStudioVersion = 10.0.40219.1
Project("{FAE04EC0-301F-11D3-BF4B-00C04F79EFBC}") = "MaxVal", "MaxVal\MaxVal.csproj", "{6F11B28E-C934-42E5-998C-72E681B93BAA}"
EndProject
Global
	GlobalSection(SolutionConfigurationPlatforms) = preSolution
		Debug|Any CPU = Debug|Any CPU
		Release|Any CPU = Release|Any CPU
	EndGlobalSection
	GlobalSection(ProjectConfigurationPlatforms) = postSolution
		{6F11B28E-C934-42E5-998C-72E681B93BAA}.Debug|Any CPU.ActiveCfg = Debug|Any CPU
		{6F11B28E-C934-42E5-998C-72E681B93BAA}.Debug|Any CPU.Build.0 = Debug|Any CPU
		{6F11B28E-C934-42E5-998C-72E681B93BAA}.Release|Any CPU.ActiveCfg = Release|Any CPU
		{6F11B28E-C934-42E5-998C-72E681B93BAA}.Release|Any CPU.Build.0 = Release|Any CPU
	EndGlobalSection
	GlobalSection(SolutionProperties) = preSolution
		HideSolutionNode = FALSE
	EndGlobalSection
	GlobalSection(ExtensibilityGlobals) = postSolution
		SolutionGuid = {6DC20100-0380-47B4-94BE-D997DBF55728}
	EndGlobalSection
EndGlobal
